{"1.2.0",
[{<<"jsone">>,{pkg,<<"jsone">>,<<"1.8.0">>},0},
 {<<"proper">>,{pkg,<<"proper">>,<<"1.4.0">>},0},
 {<<"wrangler">>,
  {git,"git@github.com:RefactoringTools/wrangler.git",
       {ref,"e8b0159e136768f81a5ffb6d6d6ddd79ae55b007"}},
  0}]}.
[
{pkg_hash,[
 {<<"jsone">>, <<"347FF1FA700E182E1F9C5012FA6D737B12C854313B9AE6954CA75D3987D6C06D">>},
 {<<"proper">>, <<"89A44B8C39D28BB9B4BE8E4D715D534905B325470F2E0EC5E004D12484A79434">>}]},
{pkg_hash_ext,[
 {<<"jsone">>, <<"08560B78624A12E0B5E7EC0271EC8CA38EF51F63D84D84843473E14D9B12618C">>},
 {<<"proper">>, <<"18285842185BD33EFBDA97D134A5CB5A0884384DB36119FEE0E3CFA488568CBB">>}]}
].
